
Microsoft Visual Studio Solution File, Format Version 12.00
# Visual Studio Version 17
VisualStudioVersion = 17.5.33502.453
MinimumVisualStudioVersion = 10.0.40219.1
Project("{2150E333-8FDC-42A3-9474-1A3956D46DE8}") = "Platforms", "Platforms", "{8F9C7DF7-1122-4418-B30A-416B9F531FE5}"
EndProject
Project("{2150E333-8FDC-42A3-9474-1A3956D46DE8}") = "Tests", "Tests", "{84486CF5-B4E9-4118-BF6D-21E998DD3017}"
EndProject
Project("{9A19103F-16F7-4668-BE54-9A1E7A4F7556}") = "Gambler.Bot", "Gambler.Bot\Gambler.Bot.csproj", "{AAE87F88-B039-4F88-8342-1630BA1D76F0}"
EndProject
Project("{9A19103F-16F7-4668-BE54-9A1E7A4F7556}") = "Gambler.Bot.Core", "..\Gambler.Bot.Core\Gambler.Bot.Core\Gambler.Bot.Core\Gambler.Bot.Core.csproj", "{A8B3E6CC-7125-42EB-B828-8B003599688E}"
EndProject
Project("{9A19103F-16F7-4668-BE54-9A1E7A4F7556}") = "Gambler.Bot.Core.Tests", "..\Gambler.Bot.Core\Gambler.Bot.Core\Gambler.Bot.Core.Tests\Gambler.Bot.Core.Tests.csproj", "{7917657A-476E-41CC-8603-F76EE18B2DFC}"
EndProject
Project("{9A19103F-16F7-4668-BE54-9A1E7A4F7556}") = "Gambler.Bot.Desktop", "Platforms\Gambler.Bot.Desktop\Gambler.Bot.Desktop.csproj", "{9B8F8AA1-B5F2-4541-911F-AC680360AEBB}"
EndProject
Project("{9A19103F-16F7-4668-BE54-9A1E7A4F7556}") = "Gambler.Bot.Common", "..\Gambler.Bot.Core\Gambler.Bot.Core\Gambler.Bot.Common\Gambler.Bot.Common.csproj", "{00ADC7AC-1B73-45D8-A909-B95A0F90DBB4}"
EndProject
Project("{9A19103F-16F7-4668-BE54-9A1E7A4F7556}") = "Gambler.Bot.Strategies", "..\Gambler.Bot.Strategies\Gambler.Bot.Strategies\Gambler.Bot.Strategies.csproj", "{6465A24B-9796-4B12-831C-0A265BA320D6}"
EndProject
Project("{9A19103F-16F7-4668-BE54-9A1E7A4F7556}") = "Gambler.Bot.Strategies.Tests", "..\Gambler.Bot.Strategies\Gambler.Bot.Strategies.Tests\Gambler.Bot.Strategies.Tests.csproj", "{ABEBECBA-0F93-48ED-B3DB-7ACCB1B2D981}"
EndProject
Project("{2150E333-8FDC-42A3-9474-1A3956D46DE8}") = "Solution Items", "Solution Items", "{8EC462FD-D22E-90A8-E5CE-7E832BA40C5D}"
	ProjectSection(SolutionItems) = preProject
		nuget.config = nuget.config
	EndProjectSection
EndProject
Project("{FAE04EC0-301F-11D3-BF4B-00C04F79EFBC}") = "Gambler.Bot.WinUI", "Platforms\Gambler.Bot.WinUI\Gambler.Bot.WinUI.csproj", "{DDA3C567-F008-40FF-B991-62DEBB5DA5CD}"
EndProject
Global
	GlobalSection(SolutionConfigurationPlatforms) = preSolution
		Debug|Any CPU = Debug|Any CPU
		Debug|x64 = Debug|x64
		Debug|x86 = Debug|x86
		Release|Any CPU = Release|Any CPU
		Release|x64 = Release|x64
		Release|x86 = Release|x86
	EndGlobalSection
	GlobalSection(ProjectConfigurationPlatforms) = postSolution
		{AAE87F88-B039-4F88-8342-1630BA1D76F0}.Debug|Any CPU.ActiveCfg = Debug|Any CPU
		{AAE87F88-B039-4F88-8342-1630BA1D76F0}.Debug|Any CPU.Build.0 = Debug|Any CPU
		{AAE87F88-B039-4F88-8342-1630BA1D76F0}.Debug|x64.ActiveCfg = Debug|Any CPU
		{AAE87F88-B039-4F88-8342-1630BA1D76F0}.Debug|x64.Build.0 = Debug|Any CPU
		{AAE87F88-B039-4F88-8342-1630BA1D76F0}.Debug|x86.ActiveCfg = Debug|Any CPU
		{AAE87F88-B039-4F88-8342-1630BA1D76F0}.Debug|x86.Build.0 = Debug|Any CPU
		{AAE87F88-B039-4F88-8342-1630BA1D76F0}.Release|Any CPU.ActiveCfg = Release|Any CPU
		{AAE87F88-B039-4F88-8342-1630BA1D76F0}.Release|Any CPU.Build.0 = Release|Any CPU
		{AAE87F88-B039-4F88-8342-1630BA1D76F0}.Release|x64.ActiveCfg = Release|Any CPU
		{AAE87F88-B039-4F88-8342-1630BA1D76F0}.Release|x64.Build.0 = Release|Any CPU
		{AAE87F88-B039-4F88-8342-1630BA1D76F0}.Release|x86.ActiveCfg = Release|Any CPU
		{AAE87F88-B039-4F88-8342-1630BA1D76F0}.Release|x86.Build.0 = Release|Any CPU
		{A8B3E6CC-7125-42EB-B828-8B003599688E}.Debug|Any CPU.ActiveCfg = Debug|Any CPU
		{A8B3E6CC-7125-42EB-B828-8B003599688E}.Debug|Any CPU.Build.0 = Debug|Any CPU
		{A8B3E6CC-7125-42EB-B828-8B003599688E}.Debug|x64.ActiveCfg = Debug|Any CPU
		{A8B3E6CC-7125-42EB-B828-8B003599688E}.Debug|x64.Build.0 = Debug|Any CPU
		{A8B3E6CC-7125-42EB-B828-8B003599688E}.Debug|x86.ActiveCfg = Debug|Any CPU
		{A8B3E6CC-7125-42EB-B828-8B003599688E}.Debug|x86.Build.0 = Debug|Any CPU
		{A8B3E6CC-7125-42EB-B828-8B003599688E}.Release|Any CPU.ActiveCfg = Release|Any CPU
		{A8B3E6CC-7125-42EB-B828-8B003599688E}.Release|Any CPU.Build.0 = Release|Any CPU
		{A8B3E6CC-7125-42EB-B828-8B003599688E}.Release|x64.ActiveCfg = Release|Any CPU
		{A8B3E6CC-7125-42EB-B828-8B003599688E}.Release|x64.Build.0 = Release|Any CPU
		{A8B3E6CC-7125-42EB-B828-8B003599688E}.Release|x86.ActiveCfg = Release|Any CPU
		{A8B3E6CC-7125-42EB-B828-8B003599688E}.Release|x86.Build.0 = Release|Any CPU
		{7917657A-476E-41CC-8603-F76EE18B2DFC}.Debug|Any CPU.ActiveCfg = Debug|Any CPU
		{7917657A-476E-41CC-8603-F76EE18B2DFC}.Debug|Any CPU.Build.0 = Debug|Any CPU
		{7917657A-476E-41CC-8603-F76EE18B2DFC}.Debug|x64.ActiveCfg = Debug|Any CPU
		{7917657A-476E-41CC-8603-F76EE18B2DFC}.Debug|x64.Build.0 = Debug|Any CPU
		{7917657A-476E-41CC-8603-F76EE18B2DFC}.Debug|x86.ActiveCfg = Debug|Any CPU
		{7917657A-476E-41CC-8603-F76EE18B2DFC}.Debug|x86.Build.0 = Debug|Any CPU
		{7917657A-476E-41CC-8603-F76EE18B2DFC}.Release|Any CPU.ActiveCfg = Release|Any CPU
		{7917657A-476E-41CC-8603-F76EE18B2DFC}.Release|Any CPU.Build.0 = Release|Any CPU
		{7917657A-476E-41CC-8603-F76EE18B2DFC}.Release|x64.ActiveCfg = Release|Any CPU
		{7917657A-476E-41CC-8603-F76EE18B2DFC}.Release|x64.Build.0 = Release|Any CPU
		{7917657A-476E-41CC-8603-F76EE18B2DFC}.Release|x86.ActiveCfg = Release|Any CPU
		{7917657A-476E-41CC-8603-F76EE18B2DFC}.Release|x86.Build.0 = Release|Any CPU
		{9B8F8AA1-B5F2-4541-911F-AC680360AEBB}.Debug|Any CPU.ActiveCfg = Debug|Any CPU
		{9B8F8AA1-B5F2-4541-911F-AC680360AEBB}.Debug|Any CPU.Build.0 = Debug|Any CPU
		{9B8F8AA1-B5F2-4541-911F-AC680360AEBB}.Debug|x64.ActiveCfg = Debug|Any CPU
		{9B8F8AA1-B5F2-4541-911F-AC680360AEBB}.Debug|x64.Build.0 = Debug|Any CPU
		{9B8F8AA1-B5F2-4541-911F-AC680360AEBB}.Debug|x86.ActiveCfg = Debug|Any CPU
		{9B8F8AA1-B5F2-4541-911F-AC680360AEBB}.Debug|x86.Build.0 = Debug|Any CPU
		{9B8F8AA1-B5F2-4541-911F-AC680360AEBB}.Release|Any CPU.ActiveCfg = Release|Any CPU
		{9B8F8AA1-B5F2-4541-911F-AC680360AEBB}.Release|Any CPU.Build.0 = Release|Any CPU
		{9B8F8AA1-B5F2-4541-911F-AC680360AEBB}.Release|x64.ActiveCfg = Release|Any CPU
		{9B8F8AA1-B5F2-4541-911F-AC680360AEBB}.Release|x64.Build.0 = Release|Any CPU
		{9B8F8AA1-B5F2-4541-911F-AC680360AEBB}.Release|x86.ActiveCfg = Release|Any CPU
		{9B8F8AA1-B5F2-4541-911F-AC680360AEBB}.Release|x86.Build.0 = Release|Any CPU
		{00ADC7AC-1B73-45D8-A909-B95A0F90DBB4}.Debug|Any CPU.ActiveCfg = Debug|Any CPU
		{00ADC7AC-1B73-45D8-A909-B95A0F90DBB4}.Debug|Any CPU.Build.0 = Debug|Any CPU
		{00ADC7AC-1B73-45D8-A909-B95A0F90DBB4}.Debug|x64.ActiveCfg = Debug|Any CPU
		{00ADC7AC-1B73-45D8-A909-B95A0F90DBB4}.Debug|x64.Build.0 = Debug|Any CPU
		{00ADC7AC-1B73-45D8-A909-B95A0F90DBB4}.Debug|x86.ActiveCfg = Debug|Any CPU
		{00ADC7AC-1B73-45D8-A909-B95A0F90DBB4}.Debug|x86.Build.0 = Debug|Any CPU
		{00ADC7AC-1B73-45D8-A909-B95A0F90DBB4}.Release|Any CPU.ActiveCfg = Release|Any CPU
		{00ADC7AC-1B73-45D8-A909-B95A0F90DBB4}.Release|Any CPU.Build.0 = Release|Any CPU
		{00ADC7AC-1B73-45D8-A909-B95A0F90DBB4}.Release|x64.ActiveCfg = Release|Any CPU
		{00ADC7AC-1B73-45D8-A909-B95A0F90DBB4}.Release|x64.Build.0 = Release|Any CPU
		{00ADC7AC-1B73-45D8-A909-B95A0F90DBB4}.Release|x86.ActiveCfg = Release|Any CPU
		{00ADC7AC-1B73-45D8-A909-B95A0F90DBB4}.Release|x86.Build.0 = Release|Any CPU
		{6465A24B-9796-4B12-831C-0A265BA320D6}.Debug|Any CPU.ActiveCfg = Debug|Any CPU
		{6465A24B-9796-4B12-831C-0A265BA320D6}.Debug|Any CPU.Build.0 = Debug|Any CPU
		{6465A24B-9796-4B12-831C-0A265BA320D6}.Debug|x64.ActiveCfg = Debug|Any CPU
		{6465A24B-9796-4B12-831C-0A265BA320D6}.Debug|x64.Build.0 = Debug|Any CPU
		{6465A24B-9796-4B12-831C-0A265BA320D6}.Debug|x86.ActiveCfg = Debug|Any CPU
		{6465A24B-9796-4B12-831C-0A265BA320D6}.Debug|x86.Build.0 = Debug|Any CPU
		{6465A24B-9796-4B12-831C-0A265BA320D6}.Release|Any CPU.ActiveCfg = Release|Any CPU
		{6465A24B-9796-4B12-831C-0A265BA320D6}.Release|Any CPU.Build.0 = Release|Any CPU
		{6465A24B-9796-4B12-831C-0A265BA320D6}.Release|x64.ActiveCfg = Release|Any CPU
		{6465A24B-9796-4B12-831C-0A265BA320D6}.Release|x64.Build.0 = Release|Any CPU
		{6465A24B-9796-4B12-831C-0A265BA320D6}.Release|x86.ActiveCfg = Release|Any CPU
		{6465A24B-9796-4B12-831C-0A265BA320D6}.Release|x86.Build.0 = Release|Any CPU
		{ABEBECBA-0F93-48ED-B3DB-7ACCB1B2D981}.Debug|Any CPU.ActiveCfg = Debug|Any CPU
		{ABEBECBA-0F93-48ED-B3DB-7ACCB1B2D981}.Debug|Any CPU.Build.0 = Debug|Any CPU
		{ABEBECBA-0F93-48ED-B3DB-7ACCB1B2D981}.Debug|x64.ActiveCfg = Debug|Any CPU
		{ABEBECBA-0F93-48ED-B3DB-7ACCB1B2D981}.Debug|x64.Build.0 = Debug|Any CPU
		{ABEBECBA-0F93-48ED-B3DB-7ACCB1B2D981}.Debug|x86.ActiveCfg = Debug|Any CPU
		{ABEBECBA-0F93-48ED-B3DB-7ACCB1B2D981}.Debug|x86.Build.0 = Debug|Any CPU
		{ABEBECBA-0F93-48ED-B3DB-7ACCB1B2D981}.Release|Any CPU.ActiveCfg = Release|Any CPU
		{ABEBECBA-0F93-48ED-B3DB-7ACCB1B2D981}.Release|Any CPU.Build.0 = Release|Any CPU
		{ABEBECBA-0F93-48ED-B3DB-7ACCB1B2D981}.Release|x64.ActiveCfg = Release|Any CPU
		{ABEBECBA-0F93-48ED-B3DB-7ACCB1B2D981}.Release|x64.Build.0 = Release|Any CPU
		{ABEBECBA-0F93-48ED-B3DB-7ACCB1B2D981}.Release|x86.ActiveCfg = Release|Any CPU
		{ABEBECBA-0F93-48ED-B3DB-7ACCB1B2D981}.Release|x86.Build.0 = Release|Any CPU
		{DDA3C567-F008-40FF-B991-62DEBB5DA5CD}.Debug|Any CPU.ActiveCfg = Debug|x86
		{DDA3C567-F008-40FF-B991-62DEBB5DA5CD}.Debug|Any CPU.Build.0 = Debug|x86
		{DDA3C567-F008-40FF-B991-62DEBB5DA5CD}.Debug|x64.ActiveCfg = Debug|x64
		{DDA3C567-F008-40FF-B991-62DEBB5DA5CD}.Debug|x64.Build.0 = Debug|x64
		{DDA3C567-F008-40FF-B991-62DEBB5DA5CD}.Debug|x86.ActiveCfg = Debug|x86
		{DDA3C567-F008-40FF-B991-62DEBB5DA5CD}.Debug|x86.Build.0 = Debug|x86
		{DDA3C567-F008-40FF-B991-62DEBB5DA5CD}.Release|Any CPU.ActiveCfg = Release|x86
		{DDA3C567-F008-40FF-B991-62DEBB5DA5CD}.Release|Any CPU.Build.0 = Release|x86
		{DDA3C567-F008-40FF-B991-62DEBB5DA5CD}.Release|x64.ActiveCfg = Release|x64
		{DDA3C567-F008-40FF-B991-62DEBB5DA5CD}.Release|x64.Build.0 = Release|x64
		{DDA3C567-F008-40FF-B991-62DEBB5DA5CD}.Release|x86.ActiveCfg = Release|x86
		{DDA3C567-F008-40FF-B991-62DEBB5DA5CD}.Release|x86.Build.0 = Release|x86
	EndGlobalSection
	GlobalSection(SolutionProperties) = preSolution
		HideSolutionNode = FALSE
	EndGlobalSection
	GlobalSection(NestedProjects) = preSolution
		{7917657A-476E-41CC-8603-F76EE18B2DFC} = {84486CF5-B4E9-4118-BF6D-21E998DD3017}
		{9B8F8AA1-B5F2-4541-911F-AC680360AEBB} = {8F9C7DF7-1122-4418-B30A-416B9F531FE5}
		{ABEBECBA-0F93-48ED-B3DB-7ACCB1B2D981} = {84486CF5-B4E9-4118-BF6D-21E998DD3017}
		{DDA3C567-F008-40FF-B991-62DEBB5DA5CD} = {8F9C7DF7-1122-4418-B30A-416B9F531FE5}
	EndGlobalSection
	GlobalSection(ExtensibilityGlobals) = postSolution
		SolutionGuid = {7387205E-CA7B-4592-8D90-8FBF3CF2F584}
	EndGlobalSection
EndGlobal
